
Microsoft Visual Studio Solution File, Format Version 12.00
# Visual Studio Version 17
VisualStudioVersion = 17.14.36705.20 d17.14
MinimumVisualStudioVersion = 10.0.40219.1
Project("{8BC9CEB8-8B4A-11D0-8D11-00A0C91BC942}") = "StaticLib3", "StaticLib3\StaticLib3.vcxproj", "{E2BF4B9A-24DF-4F9E-9643-D157D5A53822}"
EndProject
Project("{8BC9CEB8-8B4A-11D0-8D11-00A0C91BC942}") = "ConsoleApplication3", "ConsoleApplication3\ConsoleApplication3.vcxproj", "{2660A8B7-D997-4B89-9294-91829168010D}"
	ProjectSection(ProjectDependencies) = postProject
		{E2BF4B9A-24DF-4F9E-9643-D157D5A53822} = {E2BF4B9A-24DF-4F9E-9643-D157D5A53822}
	EndProjectSection
EndProject
Project("{FAE04EC0-301F-11D3-BF4B-00C04F79EFBC}") = "ClassLibrary3", "ClassLibrary3\ClassLibrary3.csproj", "{718AAD20-5F4A-468E-A549-DEDEBB498A6B}"
EndProject
Project("{FAE04EC0-301F-11D3-BF4B-00C04F79EFBC}") = "ConsoleApp3", "ConsoleApp3\ConsoleApp3.csproj", "{D930A5CF-387C-47FE-A061-9FFF8335CCF9}"
EndProject
Global
	GlobalSection(SolutionConfigurationPlatforms) = preSolution
		Debug|Any CPU = Debug|Any CPU
		Debug|x64 = Debug|x64
		Debug|x86 = Debug|x86
		Release|Any CPU = Release|Any CPU
		Release|x64 = Release|x64
		Release|x86 = Release|x86
	EndGlobalSection
	GlobalSection(ProjectConfigurationPlatforms) = postSolution
		{E2BF4B9A-24DF-4F9E-9643-D157D5A53822}.Debug|Any CPU.ActiveCfg = Debug|x64
		{E2BF4B9A-24DF-4F9E-9643-D157D5A53822}.Debug|Any CPU.Build.0 = Debug|x64
		{E2BF4B9A-24DF-4F9E-9643-D157D5A53822}.Debug|x64.ActiveCfg = Debug|x64
		{E2BF4B9A-24DF-4F9E-9643-D157D5A53822}.Debug|x64.Build.0 = Debug|x64
		{E2BF4B9A-24DF-4F9E-9643-D157D5A53822}.Debug|x86.ActiveCfg = Debug|Win32
		{E2BF4B9A-24DF-4F9E-9643-D157D5A53822}.Debug|x86.Build.0 = Debug|Win32
		{E2BF4B9A-24DF-4F9E-9643-D157D5A53822}.Release|Any CPU.ActiveCfg = Release|x64
		{E2BF4B9A-24DF-4F9E-9643-D157D5A53822}.Release|Any CPU.Build.0 = Release|x64
		{E2BF4B9A-24DF-4F9E-9643-D157D5A53822}.Release|x64.ActiveCfg = Release|x64
		{E2BF4B9A-24DF-4F9E-9643-D157D5A53822}.Release|x64.Build.0 = Release|x64
		{E2BF4B9A-24DF-4F9E-9643-D157D5A53822}.Release|x86.ActiveCfg = Release|Win32
		{E2BF4B9A-24DF-4F9E-9643-D157D5A53822}.Release|x86.Build.0 = Release|Win32
		{2660A8B7-D997-4B89-9294-91829168010D}.Debug|Any CPU.ActiveCfg = Debug|x64
		{2660A8B7-D997-4B89-9294-91829168010D}.Debug|Any CPU.Build.0 = Debug|x64
		{2660A8B7-D997-4B89-9294-91829168010D}.Debug|x64.ActiveCfg = Debug|x64
		{2660A8B7-D997-4B89-9294-91829168010D}.Debug|x64.Build.0 = Debug|x64
		{2660A8B7-D997-4B89-9294-91829168010D}.Debug|x86.ActiveCfg = Debug|Win32
		{2660A8B7-D997-4B89-9294-91829168010D}.Debug|x86.Build.0 = Debug|Win32
		{2660A8B7-D997-4B89-9294-91829168010D}.Release|Any CPU.ActiveCfg = Release|x64
		{2660A8B7-D997-4B89-9294-91829168010D}.Release|Any CPU.Build.0 = Release|x64
		{2660A8B7-D997-4B89-9294-91829168010D}.Release|x64.ActiveCfg = Release|x64
		{2660A8B7-D997-4B89-9294-91829168010D}.Release|x64.Build.0 = Release|x64
		{2660A8B7-D997-4B89-9294-91829168010D}.Release|x86.ActiveCfg = Release|Win32
		{2660A8B7-D997-4B89-9294-91829168010D}.Release|x86.Build.0 = Release|Win32
		{718AAD20-5F4A-468E-A549-DEDEBB498A6B}.Debug|Any CPU.ActiveCfg = Debug|Any CPU
		{718AAD20-5F4A-468E-A549-DEDEBB498A6B}.Debug|Any CPU.Build.0 = Debug|Any CPU
		{718AAD20-5F4A-468E-A549-DEDEBB498A6B}.Debug|x64.ActiveCfg = Debug|Any CPU
		{718AAD20-5F4A-468E-A549-DEDEBB498A6B}.Debug|x64.Build.0 = Debug|Any CPU
		{718AAD20-5F4A-468E-A549-DEDEBB498A6B}.Debug|x86.ActiveCfg = Debug|Any CPU
		{718AAD20-5F4A-468E-A549-DEDEBB498A6B}.Debug|x86.Build.0 = Debug|Any CPU
		{718AAD20-5F4A-468E-A549-DEDEBB498A6B}.Release|Any CPU.ActiveCfg = Release|Any CPU
		{718AAD20-5F4A-468E-A549-DEDEBB498A6B}.Release|Any CPU.Build.0 = Release|Any CPU
		{718AAD20-5F4A-468E-A549-DEDEBB498A6B}.Release|x64.ActiveCfg = Release|Any CPU
		{718AAD20-5F4A-468E-A549-DEDEBB498A6B}.Release|x64.Build.0 = Release|Any CPU
		{718AAD20-5F4A-468E-A549-DEDEBB498A6B}.Release|x86.ActiveCfg = Release|Any CPU
		{718AAD20-5F4A-468E-A549-DEDEBB498A6B}.Release|x86.Build.0 = Release|Any CPU
		{D930A5CF-387C-47FE-A061-9FFF8335CCF9}.Debug|Any CPU.ActiveCfg = Debug|Any CPU
		{D930A5CF-387C-47FE-A061-9FFF8335CCF9}.Debug|Any CPU.Build.0 = Debug|Any CPU
		{D930A5CF-387C-47FE-A061-9FFF8335CCF9}.Debug|x64.ActiveCfg = Debug|Any CPU
		{D930A5CF-387C-47FE-A061-9FFF8335CCF9}.Debug|x64.Build.0 = Debug|Any CPU
		{D930A5CF-387C-47FE-A061-9FFF8335CCF9}.Debug|x86.ActiveCfg = Debug|Any CPU
		{D930A5CF-387C-47FE-A061-9FFF8335CCF9}.Debug|x86.Build.0 = Debug|Any CPU
		{D930A5CF-387C-47FE-A061-9FFF8335CCF9}.Release|Any CPU.ActiveCfg = Release|Any CPU
		{D930A5CF-387C-47FE-A061-9FFF8335CCF9}.Release|Any CPU.Build.0 = Release|Any CPU
		{D930A5CF-387C-47FE-A061-9FFF8335CCF9}.Release|x64.ActiveCfg = Release|Any CPU
		{D930A5CF-387C-47FE-A061-9FFF8335CCF9}.Release|x64.Build.0 = Release|Any CPU
		{D930A5CF-387C-47FE-A061-9FFF8335CCF9}.Release|x86.ActiveCfg = Release|Any CPU
		{D930A5CF-387C-47FE-A061-9FFF8335CCF9}.Release|x86.Build.0 = Release|Any CPU
	EndGlobalSection
	GlobalSection(SolutionProperties) = preSolution
		HideSolutionNode = FALSE
	EndGlobalSection
	GlobalSection(ExtensibilityGlobals) = postSolution
		SolutionGuid = {FDBE0233-05FA-42E3-BF1C-47954BEEF00C}
	EndGlobalSection
EndGlobal
